PODS:
  - Alamofire (5.2.1)
  - APIClient (3.0):
    - APIClient/Alamofire (= 3.0)
  - APIClient/Alamofire (3.0):
    - Alamofire (= 5.2.1)
    - APIClient/Core
  - APIClient/Core (3.0)
  - Mockingjay (3.0.0-alpha.1):
    - Mockingjay/Core (= 3.0.0-alpha.1)
    - Mockingjay/XCTest (= 3.0.0-alpha.1)
  - Mockingjay/Core (3.0.0-alpha.1):
    - URITemplate (~> 3.0)
  - Mockingjay/XCTest (3.0.0-alpha.1):
    - Mockingjay/Core
  - SwiftLint (0.39.2)
  - URITemplate (3.0.0)

DEPENDENCIES:
  - APIClient (from `.`)
  - Mockingjay (= 3.0.0-alpha.1)
  - SwiftLint

SPEC REPOS:
  trunk:
    - Alamofire
    - Mockingjay
    - SwiftLint
    - URITemplate

EXTERNAL SOURCES:
  APIClient:
    :path: "."

SPEC CHECKSUMS:
  Alamofire: e911732990610fe89af59ac0077f923d72dc3dfd
  APIClient: c8e03c1e01f1db250580b7747e266d4a74815abf
  Mockingjay: 0f7c5aa49c7f1b95621cee3c79b557141f5a225c
  SwiftLint: 22ccbbe3b8008684be5955693bab135e0ed6a447
  URITemplate: 58e0d47f967006c5d59888af5356c4a8ed3b197d

PODFILE CHECKSUM: d1ebd84839203839d493f10bfdcd36decf5edfca

COCOAPODS: 1.9.3
